
Microsoft Visual Studio Solution File, Format Version 11.00
# Visual Studio 2010
Project("{FAE04EC0-301F-11D3-BF4B-00C04F79EFBC}") = "M5T11", "Assembly-CSharp.csproj", "{8D37CEBC-6E09-167A-65CF-9CAAD14D0499}"
EndProject
Project("{FAE04EC0-301F-11D3-BF4B-00C04F79EFBC}") = "M5T11", "Assembly-CSharp-firstpass.csproj", "{6B409237-DD2E-4A92-70C2-DBE0D95D4911}"
EndProject
Project("{FAE04EC0-301F-11D3-BF4B-00C04F79EFBC}") = "M5T11", "Assembly-CSharp-Editor-firstpass.csproj", "{8602EA78-FD9A-D147-EB3D-7E102AF75F2A}"
EndProject
Global
	GlobalSection(SolutionConfigurationPlatforms) = preSolution
		Debug|Any CPU = Debug|Any CPU
		Release|Any CPU = Release|Any CPU
	EndGlobalSection
	GlobalSection(ProjectConfigurationPlatforms) = postSolution
		{8D37CEBC-6E09-167A-65CF-9CAAD14D0499}.Debug|Any CPU.ActiveCfg = Debug|Any CPU
		{8D37CEBC-6E09-167A-65CF-9CAAD14D0499}.Debug|Any CPU.Build.0 = Debug|Any CPU
		{8D37CEBC-6E09-167A-65CF-9CAAD14D0499}.Release|Any CPU.ActiveCfg = Release|Any CPU
		{8D37CEBC-6E09-167A-65CF-9CAAD14D0499}.Release|Any CPU.Build.0 = Release|Any CPU
		{6B409237-DD2E-4A92-70C2-DBE0D95D4911}.Debug|Any CPU.ActiveCfg = Debug|Any CPU
		{6B409237-DD2E-4A92-70C2-DBE0D95D4911}.Debug|Any CPU.Build.0 = Debug|Any CPU
		{6B409237-DD2E-4A92-70C2-DBE0D95D4911}.Release|Any CPU.ActiveCfg = Release|Any CPU
		{6B409237-DD2E-4A92-70C2-DBE0D95D4911}.Release|Any CPU.Build.0 = Release|Any CPU
		{8602EA78-FD9A-D147-EB3D-7E102AF75F2A}.Debug|Any CPU.ActiveCfg = Debug|Any CPU
		{8602EA78-FD9A-D147-EB3D-7E102AF75F2A}.Debug|Any CPU.Build.0 = Debug|Any CPU
		{8602EA78-FD9A-D147-EB3D-7E102AF75F2A}.Release|Any CPU.ActiveCfg = Release|Any CPU
		{8602EA78-FD9A-D147-EB3D-7E102AF75F2A}.Release|Any CPU.Build.0 = Release|Any CPU
	EndGlobalSection
	GlobalSection(SolutionProperties) = preSolution
		HideSolutionNode = FALSE
	EndGlobalSection
	GlobalSection(MonoDevelopProperties) = preSolution
		StartupItem = Assembly-CSharp.csproj
	EndGlobalSection
EndGlobal
